// !$*UTF8*$!
{
	archiveVersion = 1;
	classes = {
	};
	objectVersion = 50;
	objects = {

/* Begin PBXBuildFile section */
		A532C3AD225533DE002EE47C /* Router.swift in Sources */ = {isa = PBXBuildFile; fileRef = A532C3AC225533DE002EE47C /* Router.swift */; };
		A532C3AF225535FC002EE47C /* SignUpPresenter.swift in Sources */ = {isa = PBXBuildFile; fileRef = A532C3AE225535FC002EE47C /* SignUpPresenter.swift */; };
		A532C3B1225537EF002EE47C /* TestViewController.swift in Sources */ = {isa = PBXBuildFile; fileRef = A532C3B0225537EF002EE47C /* TestViewController.swift */; };
		A532C3B32255380F002EE47C /* TestPresenter.swift in Sources */ = {isa = PBXBuildFile; fileRef = A532C3B22255380F002EE47C /* TestPresenter.swift */; };
		A586D2592247B637005853CA /* AppDelegate.swift in Sources */ = {isa = PBXBuildFile; fileRef = A586D2582247B637005853CA /* AppDelegate.swift */; };
		A586D25B2247B637005853CA /* SignUpVC.swift in Sources */ = {isa = PBXBuildFile; fileRef = A586D25A2247B637005853CA /* SignUpVC.swift */; };
		A586D25E2247B637005853CA /* Main.storyboard in Resources */ = {isa = PBXBuildFile; fileRef = A586D25C2247B637005853CA /* Main.storyboard */; };
		A586D2602247B639005853CA /* Assets.xcassets in Resources */ = {isa = PBXBuildFile; fileRef = A586D25F2247B639005853CA /* Assets.xcassets */; };
		A586D2632247B639005853CA /* LaunchScreen.storyboard in Resources */ = {isa = PBXBuildFile; fileRef = A586D2612247B639005853CA /* LaunchScreen.storyboard */; };
/* End PBXBuildFile section */

/* Begin PBXFileReference section */
		A532C3AC225533DE002EE47C /* Router.swift */ = {isa = PBXFileReference; lastKnownFileType = sourcecode.swift; path = Router.swift; sourceTree = "<group>"; };
		A532C3AE225535FC002EE47C /* SignUpPresenter.swift */ = {isa = PBXFileReference; lastKnownFileType = sourcecode.swift; path = SignUpPresenter.swift; sourceTree = "<group>"; };
		A532C3B0225537EF002EE47C /* TestViewController.swift */ = {isa = PBXFileReference; lastKnownFileType = sourcecode.swift; path = TestViewController.swift; sourceTree = "<group>"; };
		A532C3B22255380F002EE47C /* TestPresenter.swift */ = {isa = PBXFileReference; lastKnownFileType = sourcecode.swift; path = TestPresenter.swift; sourceTree = "<group>"; };
		A586D2552247B637005853CA /* Restaurant-demo.app */ = {isa = PBXFileReference; explicitFileType = wrapper.application; includeInIndex = 0; path = "Restaurant-demo.app"; sourceTree = BUILT_PRODUCTS_DIR; };
		A586D2582247B637005853CA /* AppDelegate.swift */ = {isa = PBXFileReference; lastKnownFileType = sourcecode.swift; path = AppDelegate.swift; sourceTree = "<group>"; };
		A586D25A2247B637005853CA /* SignUpVC.swift */ = {isa = PBXFileReference; lastKnownFileType = sourcecode.swift; path = SignUpVC.swift; sourceTree = "<group>"; };
		A586D25D2247B637005853CA /* Base */ = {isa = PBXFileReference; lastKnownFileType = file.storyboard; name = Base; path = Base.lproj/Main.storyboard; sourceTree = "<group>"; };
		A586D25F2247B639005853CA /* Assets.xcassets */ = {isa = PBXFileReference; lastKnownFileType = folder.assetcatalog; path = Assets.xcassets; sourceTree = "<group>"; };
		A586D2622247B639005853CA /* Base */ = {isa = PBXFileReference; lastKnownFileType = file.storyboard; name = Base; path = Base.lproj/LaunchScreen.storyboard; sourceTree = "<group>"; };
		A586D2642247B639005853CA /* Info.plist */ = {isa = PBXFileReference; lastKnownFileType = text.plist.xml; path = Info.plist; sourceTree = "<group>"; };
/* End PBXFileReference section */

/* Begin PBXFrameworksBuildPhase section */
		A586D2522247B637005853CA /* Frameworks */ = {
			isa = PBXFrameworksBuildPhase;
			buildActionMask = 2147483647;
			files = (
			);
			runOnlyForDeploymentPostprocessing = 0;
		};
/* End PBXFrameworksBuildPhase section */

/* Begin PBXGroup section */
		A586D24C2247B637005853CA = {
			isa = PBXGroup;
			children = (
				A586D2572247B637005853CA /* Restaurant-demo */,
				A586D2562247B637005853CA /* Products */,
			);
			sourceTree = "<group>";
		};
		A586D2562247B637005853CA /* Products */ = {
			isa = PBXGroup;
			children = (
				A586D2552247B637005853CA /* Restaurant-demo.app */,
			);
			name = Products;
			sourceTree = "<group>";
		};
		A586D2572247B637005853CA /* Restaurant-demo */ = {
			isa = PBXGroup;
			children = (
				A586D2582247B637005853CA /* AppDelegate.swift */,
				A532C3AC225533DE002EE47C /* Router.swift */,
				A532C3AE225535FC002EE47C /* SignUpPresenter.swift */,
				A586D25A2247B637005853CA /* SignUpVC.swift */,
				A586D25C2247B637005853CA /* Main.storyboard */,
				A586D25F2247B639005853CA /* Assets.xcassets */,
				A586D2612247B639005853CA /* LaunchScreen.storyboard */,
				A586D2642247B639005853CA /* Info.plist */,
				A532C3B0225537EF002EE47C /* TestViewController.swift */,
				A532C3B22255380F002EE47C /* TestPresenter.swift */,
			);
			path = "Restaurant-demo";
			sourceTree = "<group>";
		};
/* End PBXGroup section */

/* Begin PBXNativeTarget section */
		A586D2542247B637005853CA /* Restaurant-demo */ = {
			isa = PBXNativeTarget;
			buildConfigurationList = A586D2672247B639005853CA /* Build configuration list for PBXNativeTarget "Restaurant-demo" */;
			buildPhases = (
				A586D2512247B637005853CA /* Sources */,
				A586D2522247B637005853CA /* Frameworks */,
				A586D2532247B637005853CA /* Resources */,
			);
			buildRules = (
			);
			dependencies = (
			);
			name = "Restaurant-demo";
			productName = "Restaurant-demo";
			productReference = A586D2552247B637005853CA /* Restaurant-demo.app */;
			productType = "com.apple.product-type.application";
		};
/* End PBXNativeTarget section */

/* Begin PBXProject section */
		A586D24D2247B637005853CA /* Project object */ = {
			isa = PBXProject;
			attributes = {
				LastSwiftUpdateCheck = 1010;
				LastUpgradeCheck = 1010;
				ORGANIZATIONNAME = marcog;
				TargetAttributes = {
					A586D2542247B637005853CA = {
						CreatedOnToolsVersion = 10.1;
					};
				};
			};
			buildConfigurationList = A586D2502247B637005853CA /* Build configuration list for PBXProject "Restaurant-demo" */;
			compatibilityVersion = "Xcode 9.3";
			developmentRegion = en;
			hasScannedForEncodings = 0;
			knownRegions = (
				en,
				Base,
			);
			mainGroup = A586D24C2247B637005853CA;
			productRefGroup = A586D2562247B637005853CA /* Products */;
			projectDirPath = "";
			projectRoot = "";
			targets = (
				A586D2542247B637005853CA /* Restaurant-demo */,
			);
		};
/* End PBXProject section */

/* Begin PBXResourcesBuildPhase section */
		A586D2532247B637005853CA /* Resources */ = {
			isa = PBXResourcesBuildPhase;
			buildActionMask = 2147483647;
			files = (
				A586D2632247B639005853CA /* LaunchScreen.storyboard in Resources */,
				A586D2602247B639005853CA /* Assets.xcassets in Resources */,
				A586D25E2247B637005853CA /* Main.storyboard in Resources */,
			);
			runOnlyForDeploymentPostprocessing = 0;
		};
/* End PBXResourcesBuildPhase section */

/* Begin PBXSourcesBuildPhase section */
		A586D2512247B637005853CA /* Sources */ = {
			isa = PBXSourcesBuildPhase;
			buildActionMask = 2147483647;
			files = (
				A532C3B1225537EF002EE47C /* TestViewController.swift in Sources */,
				A586D25B2247B637005853CA /* SignUpVC.swift in Sources */,
				A532C3B32255380F002EE47C /* TestPresenter.swift in Sources */,
				A532C3AD225533DE002EE47C /* Router.swift in Sources */,
				A532C3AF225535FC002EE47C /* SignUpPresenter.swift in Sources */,
				A586D2592247B637005853CA /* AppDelegate.swift in Sources */,
			);
			runOnlyForDeploymentPostprocessing = 0;
		};
/* End PBXSourcesBuildPhase section */

/* Begin PBXVariantGroup section */
		A586D25C2247B637005853CA /* Main.storyboard */ = {
			isa = PBXVariantGroup;
			children = (
				A586D25D2247B637005853CA /* Base */,
			);
			name = Main.storyboard;
			sourceTree = "<group>";
		};
		A586D2612247B639005853CA /* LaunchScreen.storyboard */ = {
			isa = PBXVariantGroup;
			children = (
				A586D2622247B639005853CA /* Base */,
			);
			name = LaunchScreen.storyboard;
			sourceTree = "<group>";
		};
/* End PBXVariantGroup section */

/* Begin XCBuildConfiguration section */
		A586D2652247B639005853CA /* Debug */ = {
			isa = XCBuildConfiguration;
			buildSettings = {
				ALWAYS_SEARCH_USER_PATHS = NO;
				CLANG_ANALYZER_NONNULL = YES;
				CLANG_ANALYZER_NUMBER_OBJECT_CONVERSION = YES_AGGRESSIVE;
				CLANG_CXX_LANGUAGE_STANDARD = "gnu++14";
				CLANG_CXX_LIBRARY = "libc++";
				CLANG_ENABLE_MODULES = YES;
				CLANG_ENABLE_OBJC_ARC = YES;
				CLANG_ENABLE_OBJC_WEAK = YES;
				CLANG_WARN_BLOCK_CAPTURE_AUTORELEASING = YES;
				CLANG_WARN_BOOL_CONVERSION = YES;
				CLANG_WARN_COMMA = YES;
				CLANG_WARN_CONSTANT_CONVERSION = YES;
				CLANG_WARN_DEPRECATED_OBJC_IMPLEMENTATIONS = YES;
				CLANG_WARN_DIRECT_OBJC_ISA_USAGE = YES_ERROR;
				CLANG_WARN_DOCUMENTATION_COMMENTS = YES;
				CLANG_WARN_EMPTY_BODY = YES;
				CLANG_WARN_ENUM_CONVERSION = YES;
				CLANG_WARN_INFINITE_RECURSION = YES;
				CLANG_WARN_INT_CONVERSION = YES;
				CLANG_WARN_NON_LITERAL_NULL_CONVERSION = YES;
				CLANG_WARN_OBJC_IMPLICIT_RETAIN_SELF = YES;
				CLANG_WARN_OBJC_LITERAL_CONVERSION = YES;
				CLANG_WARN_OBJC_ROOT_CLASS = YES_ERROR;
				CLANG_WARN_RANGE_LOOP_ANALYSIS = YES;
				CLANG_WARN_STRICT_PROTOTYPES = YES;
				CLANG_WARN_SUSPICIOUS_MOVE = YES;
				CLANG_WARN_UNGUARDED_AVAILABILITY = YES_AGGRESSIVE;
				CLANG_WARN_UNREACHABLE_CODE = YES;
				CLANG_WARN__DUPLICATE_METHOD_MATCH = YES;
				CODE_SIGN_IDENTITY = "iPhone Developer";
				COPY_PHASE_STRIP = NO;
				DEBUG_INFORMATION_FORMAT = dwarf;
				ENABLE_STRICT_OBJC_MSGSEND = YES;
				ENABLE_TESTABILITY = YES;
				GCC_C_LANGUAGE_STANDARD = gnu11;
				GCC_DYNAMIC_NO_PIC = NO;
				GCC_NO_COMMON_BLOCKS = YES;
				GCC_OPTIMIZATION_LEVEL = 0;
				GCC_PREPROCESSOR_DEFINITIONS = (
					"DEBUG=1",
					"$(inherited)",
				);
				GCC_WARN_64_TO_32_BIT_CONVERSION = YES;
				GCC_WARN_ABOUT_RETURN_TYPE = YES_ERROR;
				GCC_WARN_UNDECLARED_SELECTOR = YES;
				GCC_WARN_UNINITIALIZED_AUTOS = YES_AGGRESSIVE;
				GCC_WARN_UNUSED_FUNCTION = YES;
				GCC_WARN_UNUSED_VARIABLE = YES;
				IPHONEOS_DEPLOYMENT_TARGET = 12.1;
				MTL_ENABLE_DEBUG_INFO = INCLUDE_SOURCE;
				MTL_FAST_MATH = YES;
				ONLY_ACTIVE_ARCH = YES;
				SDKROOT = iphoneos;
				SWIFT_ACTIVE_COMPILATION_CONDITIONS = DEBUG;
				SWIFT_OPTIMIZATION_LEVEL = "-Onone";
			};
			name = Debug;
		};
		A586D2662247B639005853CA /* Release */ = {
			isa = XCBuildConfiguration;
			buildSettings = {
				ALWAYS_SEARCH_USER_PATHS = NO;
				CLANG_ANALYZER_NONNULL = YES;
				CLANG_ANALYZER_NUMBER_OBJECT_CONVERSION = YES_AGGRESSIVE;
				CLANG_CXX_LANGUAGE_STANDARD = "gnu++14";
				CLANG_CXX_LIBRARY = "libc++";
				CLANG_ENABLE_MODULES = YES;
				CLANG_ENABLE_OBJC_ARC = YES;
				CLANG_ENABLE_OBJC_WEAK = YES;
				CLANG_WARN_BLOCK_CAPTURE_AUTORELEASING = YES;
				CLANG_WARN_BOOL_CONVERSION = YES;
				CLANG_WARN_COMMA = YES;
				CLANG_WARN_CONSTANT_CONVERSION = YES;
				CLANG_WARN_DEPRECATED_OBJC_IMPLEMENTATIONS = YES;
				CLANG_WARN_DIRECT_OBJC_ISA_USAGE = YES_ERROR;
				CLANG_WARN_DOCUMENTATION_COMMENTS = YES;
				CLANG_WARN_EMPTY_BODY = YES;
				CLANG_WARN_ENUM_CONVERSION = YES;
				CLANG_WARN_INFINITE_RECURSION = YES;
				CLANG_WARN_INT_CONVERSION = YES;
				CLANG_WARN_NON_LITERAL_NULL_CONVERSION = YES;
				CLANG_WARN_OBJC_IMPLICIT_RETAIN_SELF = YES;
				CLANG_WARN_OBJC_LITERAL_CONVERSION = YES;
				CLANG_WARN_OBJC_ROOT_CLASS = YES_ERROR;
				CLANG_WARN_RANGE_LOOP_ANALYSIS = YES;
				CLANG_WARN_STRICT_PROTOTYPES = YES;
				CLANG_WARN_SUSPICIOUS_MOVE = YES;
				CLANG_WARN_UNGUARDED_AVAILABILITY = YES_AGGRESSIVE;
				CLANG_WARN_UNREACHABLE_CODE = YES;
				CLANG_WARN__DUPLICATE_METHOD_MATCH = YES;
				CODE_SIGN_IDENTITY = "iPhone Developer";
				COPY_PHASE_STRIP = NO;
				DEBUG_INFORMATION_FORMAT = "dwarf-with-dsym";
				ENABLE_NS_ASSERTIONS = NO;
				ENABLE_STRICT_OBJC_MSGSEND = YES;
				GCC_C_LANGUAGE_STANDARD = gnu11;
				GCC_NO_COMMON_BLOCKS = YES;
				GCC_WARN_64_TO_32_BIT_CONVERSION = YES;
				GCC_WARN_ABOUT_RETURN_TYPE = YES_ERROR;
				GCC_WARN_UNDECLARED_SELECTOR = YES;
				GCC_WARN_UNINITIALIZED_AUTOS = YES_AGGRESSIVE;
				GCC_WARN_UNUSED_FUNCTION = YES;
				GCC_WARN_UNUSED_VARIABLE = YES;
				IPHONEOS_DEPLOYMENT_TARGET = 12.1;
				MTL_ENABLE_DEBUG_INFO = NO;
				MTL_FAST_MATH = YES;
				SDKROOT = iphoneos;
				SWIFT_COMPILATION_MODE = wholemodule;
				SWIFT_OPTIMIZATION_LEVEL = "-O";
				VALIDATE_PRODUCT = YES;
			};
			name = Release;
		};
		A586D2682247B639005853CA /* Debug */ = {
			isa = XCBuildConfiguration;
			buildSettings = {
				ASSETCATALOG_COMPILER_APPICON_NAME = AppIcon;
				CODE_SIGN_IDENTITY = "iPhone Developer";
				CODE_SIGN_STYLE = Automatic;
				DEVELOPMENT_TEAM = TN4YD2CTJH;
				INFOPLIST_FILE = "Restaurant-demo/Info.plist";
				LD_RUNPATH_SEARCH_PATHS = (
					"$(inherited)",
					"@executable_path/Frameworks",
				);
				PRODUCT_BUNDLE_IDENTIFIER = "com.marco.Restaurant-demo";
				PRODUCT_NAME = "$(TARGET_NAME)";
				PROVISIONING_PROFILE_SPECIFIER = "";
				SWIFT_VERSION = 4.2;
				TARGETED_DEVICE_FAMILY = "1,2";
			};
			name = Debug;
		};
		A586D2692247B639005853CA /* Release */ = {
			isa = XCBuildConfiguration;
			buildSettings = {
				ASSETCATALOG_COMPILER_APPICON_NAME = AppIcon;
				CODE_SIGN_IDENTITY = "iPhone Developer";
				CODE_SIGN_STYLE = Automatic;
				DEVELOPMENT_TEAM = TN4YD2CTJH;
				INFOPLIST_FILE = "Restaurant-demo/Info.plist";
				LD_RUNPATH_SEARCH_PATHS = (
					"$(inherited)",
					"@executable_path/Frameworks",
				);
				PRODUCT_BUNDLE_IDENTIFIER = "com.marco.Restaurant-demo";
				PRODUCT_NAME = "$(TARGET_NAME)";
				PROVISIONING_PROFILE_SPECIFIER = "";
				SWIFT_VERSION = 4.2;
				TARGETED_DEVICE_FAMILY = "1,2";
			};
			name = Release;
		};
/* End XCBuildConfiguration section */

/* Begin XCConfigurationList section */
		A586D2502247B637005853CA /* Build configuration list for PBXProject "Restaurant-demo" */ = {
			isa = XCConfigurationList;
			buildConfigurations = (
				A586D2652247B639005853CA /* Debug */,
				A586D2662247B639005853CA /* Release */,
			);
			defaultConfigurationIsVisible = 0;
			defaultConfigurationName = Release;
		};
		A586D2672247B639005853CA /* Build configuration list for PBXNativeTarget "Restaurant-demo" */ = {
			isa = XCConfigurationList;
			buildConfigurations = (
				A586D2682247B639005853CA /* Debug */,
				A586D2692247B639005853CA /* Release */,
			);
			defaultConfigurationIsVisible = 0;
			defaultConfigurationName = Release;
		};
/* End XCConfigurationList section */
	};
	rootObject = A586D24D2247B637005853CA /* Project object */;
}
